
Microsoft Visual Studio Solution File, Format Version 12.00
# Visual Studio 15
VisualStudioVersion = 15.0.27703.2042
MinimumVisualStudioVersion = 10.0.40219.1
Project("{FAE04EC0-301F-11D3-BF4B-00C04F79EFBC}") = "CopaFilmes.Api", "CopaFilmes.Api\CopaFilmes.Api.csproj", "{5AD8D6E4-D86E-4C1F-8B01-2AD12CA13154}"
EndProject
Global
	GlobalSection(SolutionConfigurationPlatforms) = preSolution
		Debug|Any CPU = Debug|Any CPU
		Release|Any CPU = Release|Any CPU
	EndGlobalSection
	GlobalSection(ProjectConfigurationPlatforms) = postSolution
		{5AD8D6E4-D86E-4C1F-8B01-2AD12CA13154}.Debug|Any CPU.ActiveCfg = Debug|Any CPU
		{5AD8D6E4-D86E-4C1F-8B01-2AD12CA13154}.Debug|Any CPU.Build.0 = Debug|Any CPU
		{5AD8D6E4-D86E-4C1F-8B01-2AD12CA13154}.Release|Any CPU.ActiveCfg = Release|Any CPU
		{5AD8D6E4-D86E-4C1F-8B01-2AD12CA13154}.Release|Any CPU.Build.0 = Release|Any CPU
	EndGlobalSection
	GlobalSection(SolutionProperties) = preSolution
		HideSolutionNode = FALSE
	EndGlobalSection
	GlobalSection(ExtensibilityGlobals) = postSolution
		SolutionGuid = {52D92ECD-306D-4E41-8418-04E3CCD02DB5}
	EndGlobalSection
EndGlobal
