
Microsoft Visual Studio Solution File, Format Version 12.00
# Visual Studio 15
VisualStudioVersion = 15.0.27703.2042
MinimumVisualStudioVersion = 10.0.40219.1
Project("{2150E333-8FDC-42A3-9474-1A3956D46DE8}") = "src", "src", "{49C99561-2529-4EFB-BE75-F286DFFAFAF8}"
EndProject
Project("{9A19103F-16F7-4668-BE54-9A1E7A4F7556}") = "CopaFilmes.Service", "src\CopaFilmes.Service\CopaFilmes.Service.csproj", "{8BD845BA-8E56-44F0-A2C7-01BFA8E4D52B}"
EndProject
Project("{9A19103F-16F7-4668-BE54-9A1E7A4F7556}") = "CopaFilmes.Tests", "src\CopaFilmes.Tests\CopaFilmes.Tests.csproj", "{2E996EC9-A906-48A9-9023-CD0B832C0786}"
EndProject
Global
	GlobalSection(SolutionConfigurationPlatforms) = preSolution
		Debug|Any CPU = Debug|Any CPU
		Release|Any CPU = Release|Any CPU
	EndGlobalSection
	GlobalSection(ProjectConfigurationPlatforms) = postSolution
		{8BD845BA-8E56-44F0-A2C7-01BFA8E4D52B}.Debug|Any CPU.ActiveCfg = Debug|Any CPU
		{8BD845BA-8E56-44F0-A2C7-01BFA8E4D52B}.Debug|Any CPU.Build.0 = Debug|Any CPU
		{8BD845BA-8E56-44F0-A2C7-01BFA8E4D52B}.Release|Any CPU.ActiveCfg = Release|Any CPU
		{8BD845BA-8E56-44F0-A2C7-01BFA8E4D52B}.Release|Any CPU.Build.0 = Release|Any CPU
		{2E996EC9-A906-48A9-9023-CD0B832C0786}.Debug|Any CPU.ActiveCfg = Debug|Any CPU
		{2E996EC9-A906-48A9-9023-CD0B832C0786}.Debug|Any CPU.Build.0 = Debug|Any CPU
		{2E996EC9-A906-48A9-9023-CD0B832C0786}.Release|Any CPU.ActiveCfg = Release|Any CPU
		{2E996EC9-A906-48A9-9023-CD0B832C0786}.Release|Any CPU.Build.0 = Release|Any CPU
	EndGlobalSection
	GlobalSection(SolutionProperties) = preSolution
		HideSolutionNode = FALSE
	EndGlobalSection
	GlobalSection(NestedProjects) = preSolution
		{8BD845BA-8E56-44F0-A2C7-01BFA8E4D52B} = {49C99561-2529-4EFB-BE75-F286DFFAFAF8}
		{2E996EC9-A906-48A9-9023-CD0B832C0786} = {49C99561-2529-4EFB-BE75-F286DFFAFAF8}
	EndGlobalSection
	GlobalSection(ExtensibilityGlobals) = postSolution
		SolutionGuid = {52D92ECD-306D-4E41-8418-04E3CCD02DB5}
	EndGlobalSection
EndGlobal
